
Microsoft Visual Studio Solution File, Format Version 12.00
# Visual Studio 15
VisualStudioVersion = 15.0.28307.168
MinimumVisualStudioVersion = 10.0.40219.1
Project("{FAE04EC0-301F-11D3-BF4B-00C04F79EFBC}") = "TLNSE", "TLNSE\TLNSE.csproj", "{0F3B035A-3E93-4877-8534-E1A452658AF8}"
EndProject
Global
	GlobalSection(SolutionConfigurationPlatforms) = preSolution
		Debug|Any CPU = Debug|Any CPU
		Release|Any CPU = Release|Any CPU
	EndGlobalSection
	GlobalSection(ProjectConfigurationPlatforms) = postSolution
		{0F3B035A-3E93-4877-8534-E1A452658AF8}.Debug|Any CPU.ActiveCfg = Debug|Any CPU
		{0F3B035A-3E93-4877-8534-E1A452658AF8}.Debug|Any CPU.Build.0 = Debug|Any CPU
		{0F3B035A-3E93-4877-8534-E1A452658AF8}.Release|Any CPU.ActiveCfg = Release|Any CPU
		{0F3B035A-3E93-4877-8534-E1A452658AF8}.Release|Any CPU.Build.0 = Release|Any CPU
	EndGlobalSection
	GlobalSection(SolutionProperties) = preSolution
		HideSolutionNode = FALSE
	EndGlobalSection
	GlobalSection(ExtensibilityGlobals) = postSolution
		SolutionGuid = {023FACDE-8CDA-4668-A5ED-9167EE803C6B}
	EndGlobalSection
EndGlobal
